
Microsoft Visual Studio Solution File, Format Version 12.00
# Visual Studio 15
VisualStudioVersion = 15.0.26124.0
MinimumVisualStudioVersion = 15.0.26124.0
Project("{FAE04EC0-301F-11D3-BF4B-00C04F79EFBC}") = "SamirBanjanovic.DotNetCore.Tools.DevOps", "src\SamirBanjanovic.DotNetCore.Tools.DevOps.csproj", "{7A34DF2C-BA22-46C0-B8B1-955C553F1D65}"
EndProject
Project("{FAE04EC0-301F-11D3-BF4B-00C04F79EFBC}") = "SamirBanjanovic.DotNetCore.Tools.DevOps.Tests", "test\SamirBanjanovic.DotNetCore.Tools.DevOps.Tests.csproj", "{2EBB460B-DF25-4AB9-B223-94AF7E048FFC}"
EndProject
Global
	GlobalSection(SolutionConfigurationPlatforms) = preSolution
		Debug|Any CPU = Debug|Any CPU
		Debug|x64 = Debug|x64
		Debug|x86 = Debug|x86
		Release|Any CPU = Release|Any CPU
		Release|x64 = Release|x64
		Release|x86 = Release|x86
	EndGlobalSection
	GlobalSection(SolutionProperties) = preSolution
		HideSolutionNode = FALSE
	EndGlobalSection
	GlobalSection(ProjectConfigurationPlatforms) = postSolution
		{7A34DF2C-BA22-46C0-B8B1-955C553F1D65}.Debug|Any CPU.ActiveCfg = Debug|Any CPU
		{7A34DF2C-BA22-46C0-B8B1-955C553F1D65}.Debug|Any CPU.Build.0 = Debug|Any CPU
		{7A34DF2C-BA22-46C0-B8B1-955C553F1D65}.Debug|x64.ActiveCfg = Debug|Any CPU
		{7A34DF2C-BA22-46C0-B8B1-955C553F1D65}.Debug|x64.Build.0 = Debug|Any CPU
		{7A34DF2C-BA22-46C0-B8B1-955C553F1D65}.Debug|x86.ActiveCfg = Debug|Any CPU
		{7A34DF2C-BA22-46C0-B8B1-955C553F1D65}.Debug|x86.Build.0 = Debug|Any CPU
		{7A34DF2C-BA22-46C0-B8B1-955C553F1D65}.Release|Any CPU.ActiveCfg = Release|Any CPU
		{7A34DF2C-BA22-46C0-B8B1-955C553F1D65}.Release|Any CPU.Build.0 = Release|Any CPU
		{7A34DF2C-BA22-46C0-B8B1-955C553F1D65}.Release|x64.ActiveCfg = Release|Any CPU
		{7A34DF2C-BA22-46C0-B8B1-955C553F1D65}.Release|x64.Build.0 = Release|Any CPU
		{7A34DF2C-BA22-46C0-B8B1-955C553F1D65}.Release|x86.ActiveCfg = Release|Any CPU
		{7A34DF2C-BA22-46C0-B8B1-955C553F1D65}.Release|x86.Build.0 = Release|Any CPU
		{2EBB460B-DF25-4AB9-B223-94AF7E048FFC}.Debug|Any CPU.ActiveCfg = Debug|Any CPU
		{2EBB460B-DF25-4AB9-B223-94AF7E048FFC}.Debug|Any CPU.Build.0 = Debug|Any CPU
		{2EBB460B-DF25-4AB9-B223-94AF7E048FFC}.Debug|x64.ActiveCfg = Debug|Any CPU
		{2EBB460B-DF25-4AB9-B223-94AF7E048FFC}.Debug|x64.Build.0 = Debug|Any CPU
		{2EBB460B-DF25-4AB9-B223-94AF7E048FFC}.Debug|x86.ActiveCfg = Debug|Any CPU
		{2EBB460B-DF25-4AB9-B223-94AF7E048FFC}.Debug|x86.Build.0 = Debug|Any CPU
		{2EBB460B-DF25-4AB9-B223-94AF7E048FFC}.Release|Any CPU.ActiveCfg = Release|Any CPU
		{2EBB460B-DF25-4AB9-B223-94AF7E048FFC}.Release|Any CPU.Build.0 = Release|Any CPU
		{2EBB460B-DF25-4AB9-B223-94AF7E048FFC}.Release|x64.ActiveCfg = Release|Any CPU
		{2EBB460B-DF25-4AB9-B223-94AF7E048FFC}.Release|x64.Build.0 = Release|Any CPU
		{2EBB460B-DF25-4AB9-B223-94AF7E048FFC}.Release|x86.ActiveCfg = Release|Any CPU
		{2EBB460B-DF25-4AB9-B223-94AF7E048FFC}.Release|x86.Build.0 = Release|Any CPU
	EndGlobalSection
EndGlobal
